github.com/FrankReh/go-clang v0.0.0-20190717033133-6f61d622bb5e h1:j0B25sIMCZQsmHms578NmSTE1xeuzIubWQ1Npg7/Rnk=
github.com/FrankReh/go-clang v0.0.0-20190717033133-6f61d622bb5e/go.mod h1:U+natvbmTUXmDBtHp9rBBLeCF8/GknhWPQYJZDV5f/8=
github.com/frankreh/go-clang v0.0.0-20190717033133-6f61d622bb5e h1:aictLemtRI/SE5z4XRS0PLEKTybFT1+zVy43GcuzeYs=
github.com/frankreh/go-clang v0.0.0-20190717033133-6f61d622bb5e/go.mod h1:eXlpsanyzUIL4+E3jduchuJrTzhzEva3vtwVlv41z2Y=
github.com/hashicorp/errwrap v1.0.0 h1:hLrqtEDnRye3+sgx6z4qVLNuviH3MR5aQ0ykNJa/UYA=
github.com/hashicorp/errwrap v1.0.0/go.mod h1:YH+1FKiLXxHSkmPseP+kNlulaMuP3n2brvKWEqk/Jc4=
github.com/hashicorp/go-multierror v1.0.0 h1:iVjPR7a6H0tWELX5NxNe7bYopibicUzc7uPribsnS6o=
github.com/hashicorp/go-multierror v1.0.0/go.mod h1:dHtQlpGsu+cZNNAkkCN/P3hoUDHhCYQXV3UM06sGGrk=
github.com/pkg/errors v0.8.1 h1:iURUrRGxPUNPdy5/HRSm+Yj6okJ6UtLINN0Q9M4+h3I=
github.com/pkg/errors v0.8.1/go.mod h1:bwawxfHBFNV+L2hUp1rHADufV3IMtnDRdf1r5NINEl0=
